# This file is automatically @generated by Poetry 1.6.1 and should not be changed by hand.

[[package]]
name = "ifcopenshell"
version = "0.7.0.230918"
description = "Python bindings, utility functions, and high-level API for IfcOpenShell"
optional = false
python-versions = "*"
files = [
    {file = "ifcopenshell-0.7.0.230918-py310-none-macosx_10_15_x86_64.whl", hash = "sha256:6825cebdd7ddea295d497df87e55ade6ff8762adbe3e23401576d896bdf45341"},
    {file = "ifcopenshell-0.7.0.230918-py310-none-macosx_11_0_arm64.whl", hash = "sha256:3c898078743e874dd3e1aef6d275beabbe99fac88ea9015bd47af0787a1473b5"},
    {file = "ifcopenshell-0.7.0.230918-py310-none-manylinux_2_31_x86_64.whl", hash = "sha256:007f903434afa6d4356b6457c642f2c7e7242937d556edd4a3cbddd190b31b7d"},
    {file = "ifcopenshell-0.7.0.230918-py310-none-win_amd64.whl", hash = "sha256:c60d2c2d87aff2529418dffd2890c8357bebab32424037e6b71426e3dce4312c"},
    {file = "ifcopenshell-0.7.0.230918-py311-none-macosx_10_15_x86_64.whl", hash = "sha256:32d8c05a10c870ebe4e2f7cd5d8bcbf6f3de413fea9115cfc4335a0874fb41c2"},
    {file = "ifcopenshell-0.7.0.230918-py311-none-macosx_11_0_arm64.whl", hash = "sha256:60b8d7d94a98d32c2c8bf359fc2b00caceca86ae7bec84617435514ee780122c"},
    {file = "ifcopenshell-0.7.0.230918-py311-none-manylinux_2_31_x86_64.whl", hash = "sha256:441a7ad48bcb9fe2f9ac0ee47e8ade41a0069c5f4ecbefe6f980b6b5d4754dd0"},
    {file = "ifcopenshell-0.7.0.230918-py311-none-win_amd64.whl", hash = "sha256:c19a68213f40f0a3fddcaa0aaf0cf5f13b2422a370fb426674d6cdecfaf47a1d"},
    {file = "ifcopenshell-0.7.0.230918-py36-none-macosx_10_15_x86_64.whl", hash = "sha256:90a58c4ac3dad561ed9abd41ce984006bd885ca73d15211310ff674921d472f9"},
    {file = "ifcopenshell-0.7.0.230918-py36-none-macosx_11_0_arm64.whl", hash = "sha256:667fbd8127154395195f04383f93456876576d6d064e6b7b2589e405ea4a1d6b"},
    {file = "ifcopenshell-0.7.0.230918-py36-none-manylinux_2_31_x86_64.whl", hash = "sha256:4e9ae18739fbdfd9d866a7daa69bbc9b846b9c17efe0f74b768c64dd2297515a"},
    {file = "ifcopenshell-0.7.0.230918-py36-none-win_amd64.whl", hash = "sha256:84e671546bcda344c30cb848fbbbb07eba39ae9794018f23a7b62ee7cd0c7f31"},
    {file = "ifcopenshell-0.7.0.230918-py37-none-macosx_10_15_x86_64.whl", hash = "sha256:835dfc9a3a9981557a4e917c49bbcf6521887278783f12dbe5b1007048725481"},
    {file = "ifcopenshell-0.7.0.230918-py37-none-macosx_11_0_arm64.whl", hash = "sha256:c239819f6536771e5edaade333cad1faa78091c64a12f5c8e34ab316d076682e"},
    {file = "ifcopenshell-0.7.0.230918-py37-none-manylinux_2_31_x86_64.whl", hash = "sha256:3bfe2fec2b4fae0b7581b617700396a6c6048eef4f8988762a48a4fc5138c563"},
    {file = "ifcopenshell-0.7.0.230918-py37-none-win_amd64.whl", hash = "sha256:00c85a4661720a698f3cbe38c22ef92b43ca11123d1f5592e969b31a264e3fb4"},
    {file = "ifcopenshell-0.7.0.230918-py38-none-macosx_10_15_x86_64.whl", hash = "sha256:2d8b5eeef82a894b89aa2404c75e12e39a4ce2fc79182381313dfe48e2979b2d"},
    {file = "ifcopenshell-0.7.0.230918-py38-none-macosx_11_0_arm64.whl", hash = "sha256:c16f16e7d597de3958986d653025b81050b33ac570d2c7cd5c75afc930436d17"},
    {file = "ifcopenshell-0.7.0.230918-py38-none-manylinux_2_31_x86_64.whl", hash = "sha256:082338ca9f2c38e1e55e543d441f82dba529bbc179cae47bf1a56ce692d1957f"},
    {file = "ifcopenshell-0.7.0.230918-py38-none-win_amd64.whl", hash = "sha256:76becf7e84d1403632a3d7c0908c0e6fe094d40aabbdc2a37a1dd84a56df1488"},
    {file = "ifcopenshell-0.7.0.230918-py39-none-macosx_10_15_x86_64.whl", hash = "sha256:b557f2550854334a81a6fb7f6e94ba7d1adc9c96f667f097b4aaa3375e0e36d8"},
    {file = "ifcopenshell-0.7.0.230918-py39-none-macosx_11_0_arm64.whl", hash = "sha256:f2180617141b71502915c8915ef5f95e3163384825cdea00e149ac1f611a6896"},
    {file = "ifcopenshell-0.7.0.230918-py39-none-manylinux_2_31_x86_64.whl", hash = "sha256:534804ec4454ec1629b2c9806e817689a878ee531bac3c5b52a18dbf4a23b0a9"},
    {file = "ifcopenshell-0.7.0.230918-py39-none-win_amd64.whl", hash = "sha256:281b05aa53e5c2486cc5ded4f61bbb4c0a28d525a7b61ad9a3518fe72ae77a0f"},
]

[package.extras]
geometry = ["mathutils"]

[metadata]
lock-version = "2.0"
python-versions = "^3.9"
content-hash = "5ae0d36358253b3d6450709e067d949545077c47675e46895bab2c9b8adcc5ad"
