[[package]]
name = "python-ifcopenshell"
version = "1.0.5"
description = "installable package for ifcopenshell"
category = "main"
optional = false
python-versions = ">=3.9"

[metadata]
lock-version = "1.1"
python-versions = "^3.10"
content-hash = "aa4bad69db10e820eca6d0d16aa31272eb1882e4be8957ac448181a0e18284c3"

[metadata.files]
python-ifcopenshell = [
    {file = "python_ifcopenshell-1.0.5-py3-none-macosx_10_15_x86_64.whl", hash = "sha256:3ba3262a5e644f81ec353136c6b7adf5b3f00c76f17c0e78d9d5d87d23ccab62"},
    {file = "python_ifcopenshell-1.0.5-py3-none-manylinux1_x86_64.whl", hash = "sha256:b6f87229f328625530be2fc6f56b0493cfd77a4dd569f370b1dfaa280c2131fc"},
    {file = "python_ifcopenshell-1.0.5-py3-none-win_amd64.whl", hash = "sha256:ca31c077388bd16eb23bd82d06d19b85b928edcc11de4f54dde6a41dc882912f"},
]
